
Microsoft Visual Studio Solution File, Format Version 12.00
# Visual Studio Version 17
VisualStudioVersion = 17.10.35027.167
MinimumVisualStudioVersion = 10.0.40219.1
Project("{9A19103F-16F7-4668-BE54-9A1E7A4F7556}") = "UI", "UI\UI.csproj", "{C88D2AEA-1C58-4D50-89EF-00C877B833AC}"
EndProject
Project("{9A19103F-16F7-4668-BE54-9A1E7A4F7556}") = "Infrastructure", "Infrastructure\Infrastructure.csproj", "{8A75624E-BF49-412D-94A1-C86DBA03521A}"
EndProject
Project("{9A19103F-16F7-4668-BE54-9A1E7A4F7556}") = "Core", "Core\Core.csproj", "{AB8BEC14-8744-4627-984B-B1A40893951A}"
EndProject
Project("{2150E333-8FDC-42A3-9474-1A3956D46DE8}") = "Platform", "Platform", "{E9416DE9-ED0C-4721-8E64-94AA8C736B15}"
EndProject
Project("{9A19103F-16F7-4668-BE54-9A1E7A4F7556}") = "Win", "Platform\Win\Win.csproj", "{B081807C-B03C-484A-A887-2CE1EE7323D1}"
EndProject
Project("{9A19103F-16F7-4668-BE54-9A1E7A4F7556}") = "Linux", "Platform\Linux\Linux.csproj", "{6E46D332-DC44-4951-A2BC-5299BDDDCAC2}"
EndProject
Project("{9A19103F-16F7-4668-BE54-9A1E7A4F7556}") = "Mac", "Platform\Mac\Mac.csproj", "{0A8B7E8F-2141-4E6D-A19C-8EDAA36C8AE7}"
EndProject
Project("{FAE04EC0-301F-11D3-BF4B-00C04F79EFBC}") = "TaixBug", "TaixBug\TaixBug.csproj", "{645C09E3-DD5C-4FE9-9173-6FC1D6021CFB}"
EndProject
Global
	GlobalSection(SolutionConfigurationPlatforms) = preSolution
		Debug|Any CPU = Debug|Any CPU
		Release|Any CPU = Release|Any CPU
	EndGlobalSection
	GlobalSection(ProjectConfigurationPlatforms) = postSolution
		{C88D2AEA-1C58-4D50-89EF-00C877B833AC}.Debug|Any CPU.ActiveCfg = Debug|Any CPU
		{C88D2AEA-1C58-4D50-89EF-00C877B833AC}.Debug|Any CPU.Build.0 = Debug|Any CPU
		{C88D2AEA-1C58-4D50-89EF-00C877B833AC}.Release|Any CPU.ActiveCfg = Release|Any CPU
		{C88D2AEA-1C58-4D50-89EF-00C877B833AC}.Release|Any CPU.Build.0 = Release|Any CPU
		{8A75624E-BF49-412D-94A1-C86DBA03521A}.Debug|Any CPU.ActiveCfg = Debug|Any CPU
		{8A75624E-BF49-412D-94A1-C86DBA03521A}.Debug|Any CPU.Build.0 = Debug|Any CPU
		{8A75624E-BF49-412D-94A1-C86DBA03521A}.Release|Any CPU.ActiveCfg = Release|Any CPU
		{8A75624E-BF49-412D-94A1-C86DBA03521A}.Release|Any CPU.Build.0 = Release|Any CPU
		{AB8BEC14-8744-4627-984B-B1A40893951A}.Debug|Any CPU.ActiveCfg = Debug|Any CPU
		{AB8BEC14-8744-4627-984B-B1A40893951A}.Debug|Any CPU.Build.0 = Debug|Any CPU
		{AB8BEC14-8744-4627-984B-B1A40893951A}.Release|Any CPU.ActiveCfg = Release|Any CPU
		{AB8BEC14-8744-4627-984B-B1A40893951A}.Release|Any CPU.Build.0 = Release|Any CPU
		{B081807C-B03C-484A-A887-2CE1EE7323D1}.Debug|Any CPU.ActiveCfg = Debug|Any CPU
		{B081807C-B03C-484A-A887-2CE1EE7323D1}.Debug|Any CPU.Build.0 = Debug|Any CPU
		{B081807C-B03C-484A-A887-2CE1EE7323D1}.Release|Any CPU.ActiveCfg = Release|Any CPU
		{B081807C-B03C-484A-A887-2CE1EE7323D1}.Release|Any CPU.Build.0 = Release|Any CPU
		{6E46D332-DC44-4951-A2BC-5299BDDDCAC2}.Debug|Any CPU.ActiveCfg = Debug|Any CPU
		{6E46D332-DC44-4951-A2BC-5299BDDDCAC2}.Debug|Any CPU.Build.0 = Debug|Any CPU
		{6E46D332-DC44-4951-A2BC-5299BDDDCAC2}.Release|Any CPU.ActiveCfg = Release|Any CPU
		{6E46D332-DC44-4951-A2BC-5299BDDDCAC2}.Release|Any CPU.Build.0 = Release|Any CPU
		{0A8B7E8F-2141-4E6D-A19C-8EDAA36C8AE7}.Debug|Any CPU.ActiveCfg = Debug|Any CPU
		{0A8B7E8F-2141-4E6D-A19C-8EDAA36C8AE7}.Debug|Any CPU.Build.0 = Debug|Any CPU
		{0A8B7E8F-2141-4E6D-A19C-8EDAA36C8AE7}.Release|Any CPU.ActiveCfg = Release|Any CPU
		{0A8B7E8F-2141-4E6D-A19C-8EDAA36C8AE7}.Release|Any CPU.Build.0 = Release|Any CPU
		{645C09E3-DD5C-4FE9-9173-6FC1D6021CFB}.Debug|Any CPU.ActiveCfg = Debug|Any CPU
		{645C09E3-DD5C-4FE9-9173-6FC1D6021CFB}.Debug|Any CPU.Build.0 = Debug|Any CPU
		{645C09E3-DD5C-4FE9-9173-6FC1D6021CFB}.Release|Any CPU.ActiveCfg = Release|Any CPU
		{645C09E3-DD5C-4FE9-9173-6FC1D6021CFB}.Release|Any CPU.Build.0 = Release|Any CPU
	EndGlobalSection
	GlobalSection(SolutionProperties) = preSolution
		HideSolutionNode = FALSE
	EndGlobalSection
	GlobalSection(NestedProjects) = preSolution
		{B081807C-B03C-484A-A887-2CE1EE7323D1} = {E9416DE9-ED0C-4721-8E64-94AA8C736B15}
		{6E46D332-DC44-4951-A2BC-5299BDDDCAC2} = {E9416DE9-ED0C-4721-8E64-94AA8C736B15}
		{0A8B7E8F-2141-4E6D-A19C-8EDAA36C8AE7} = {E9416DE9-ED0C-4721-8E64-94AA8C736B15}
	EndGlobalSection
	GlobalSection(ExtensibilityGlobals) = postSolution
		SolutionGuid = {7D94CF47-EE4F-4FF9-9826-A66B4268F2BA}
	EndGlobalSection
EndGlobal
